
Microsoft Visual Studio Solution File, Format Version 12.00
# Visual Studio Version 16
VisualStudioVersion = 16.0.28803.352
MinimumVisualStudioVersion = 10.0.40219.1
Project("{FAE04EC0-301F-11D3-BF4B-00C04F79EFBC}") = "MyCoffeeShop.InfoTool.Model", "MyCoffeeShop.InfoTool.Model\MyCoffeeShop.InfoTool.Model.csproj", "{247DC636-DE42-4129-B616-9A3774363B8C}"
EndProject
Project("{FAE04EC0-301F-11D3-BF4B-00C04F79EFBC}") = "MyCoffeeShop.InfoTool.ControlRunner", "MyCoffeeShop.InfoTool.ControlRunner\MyCoffeeShop.InfoTool.ControlRunner.csproj", "{D05A04B7-A217-47CB-91D0-8D94FE4E5B5E}"
EndProject
Project("{FAE04EC0-301F-11D3-BF4B-00C04F79EFBC}") = "MyCoffeeShop.InfoTool.DataAccess", "MyCoffeeShop.InfoTool.DataAccess\MyCoffeeShop.InfoTool.DataAccess.csproj", "{AB413C63-C643-4EE1-8911-2891BE0B24C0}"
EndProject
Global
	GlobalSection(SolutionConfigurationPlatforms) = preSolution
		Debug|Any CPU = Debug|Any CPU
		Release|Any CPU = Release|Any CPU
	EndGlobalSection
	GlobalSection(ProjectConfigurationPlatforms) = postSolution
		{247DC636-DE42-4129-B616-9A3774363B8C}.Debug|Any CPU.ActiveCfg = Debug|Any CPU
		{247DC636-DE42-4129-B616-9A3774363B8C}.Debug|Any CPU.Build.0 = Debug|Any CPU
		{247DC636-DE42-4129-B616-9A3774363B8C}.Release|Any CPU.ActiveCfg = Release|Any CPU
		{247DC636-DE42-4129-B616-9A3774363B8C}.Release|Any CPU.Build.0 = Release|Any CPU
		{D05A04B7-A217-47CB-91D0-8D94FE4E5B5E}.Debug|Any CPU.ActiveCfg = Debug|Any CPU
		{D05A04B7-A217-47CB-91D0-8D94FE4E5B5E}.Debug|Any CPU.Build.0 = Debug|Any CPU
		{D05A04B7-A217-47CB-91D0-8D94FE4E5B5E}.Release|Any CPU.ActiveCfg = Release|Any CPU
		{D05A04B7-A217-47CB-91D0-8D94FE4E5B5E}.Release|Any CPU.Build.0 = Release|Any CPU
		{AB413C63-C643-4EE1-8911-2891BE0B24C0}.Debug|Any CPU.ActiveCfg = Debug|Any CPU
		{AB413C63-C643-4EE1-8911-2891BE0B24C0}.Debug|Any CPU.Build.0 = Debug|Any CPU
		{AB413C63-C643-4EE1-8911-2891BE0B24C0}.Release|Any CPU.ActiveCfg = Release|Any CPU
		{AB413C63-C643-4EE1-8911-2891BE0B24C0}.Release|Any CPU.Build.0 = Release|Any CPU
	EndGlobalSection
	GlobalSection(SolutionProperties) = preSolution
		HideSolutionNode = FALSE
	EndGlobalSection
	GlobalSection(ExtensibilityGlobals) = postSolution
		SolutionGuid = {29733E8F-9851-4BEE-B8D6-D2CFB22C66A9}
	EndGlobalSection
EndGlobal
