
Microsoft Visual Studio Solution File, Format Version 12.00
# Visual Studio Version 16
VisualStudioVersion = 16.0.28803.352
MinimumVisualStudioVersion = 10.0.40219.1
Project("{FAE04EC0-301F-11D3-BF4B-00C04F79EFBC}") = "MyCoffeeShop.InfoTool.ControlRunner", "MyCoffeeShop.InfoTool.ControlRunner\MyCoffeeShop.InfoTool.ControlRunner.csproj", "{CD29009F-1386-464C-B563-57F874A44C66}"
EndProject
Global
	GlobalSection(SolutionConfigurationPlatforms) = preSolution
		Debug|Any CPU = Debug|Any CPU
		Release|Any CPU = Release|Any CPU
	EndGlobalSection
	GlobalSection(ProjectConfigurationPlatforms) = postSolution
		{CD29009F-1386-464C-B563-57F874A44C66}.Debug|Any CPU.ActiveCfg = Debug|Any CPU
		{CD29009F-1386-464C-B563-57F874A44C66}.Debug|Any CPU.Build.0 = Debug|Any CPU
		{CD29009F-1386-464C-B563-57F874A44C66}.Release|Any CPU.ActiveCfg = Release|Any CPU
		{CD29009F-1386-464C-B563-57F874A44C66}.Release|Any CPU.Build.0 = Release|Any CPU
	EndGlobalSection
	GlobalSection(SolutionProperties) = preSolution
		HideSolutionNode = FALSE
	EndGlobalSection
	GlobalSection(ExtensibilityGlobals) = postSolution
		SolutionGuid = {29733E8F-9851-4BEE-B8D6-D2CFB22C66A9}
	EndGlobalSection
EndGlobal
